# This file is generated by running "yarn install" inside your project.
# Manual changes might be lost - proceed with caution!

__metadata:
  version: 8
  cacheKey: 10c0

"jitter@workspace:.":
  version: 0.0.0-use.local
  resolution: "jitter@workspace:."
  dependencies:
    lint: "npm:^1.1.2"
    prettier: "npm:^3.4.2"
  languageName: unknown
  linkType: soft

"lint@npm:^1.1.2":
  version: 1.1.2
  resolution: "lint@npm:1.1.2"
  bin:
    node-lint: ./bin/node-lint
  checksum: 10c0/8d09ca9f3a2fa7722b708067179d7a1392966d4df792dbb32b080e798a2e01ee198beec58e130d3dfca6436331fbc1c75fedb625c1fead6ccfb67723caa71a24
  languageName: node
  linkType: hard

"prettier@npm:^3.4.2":
  version: 3.4.2
  resolution: "prettier@npm:3.4.2"
  bin:
    prettier: bin/prettier.cjs
  checksum: 10c0/99e076a26ed0aba4ebc043880d0f08bbb8c59a4c6641cdee6cdadf2205bdd87aa1d7823f50c3aea41e015e99878d37c58d7b5f0e663bba0ef047f94e36b96446
  languageName: node
  linkType: hard
